
Microsoft Visual Studio Solution File, Format Version 12.00
# Visual Studio Version 17
VisualStudioVersion = 17.2.32616.157
MinimumVisualStudioVersion = 10.0.40219.1
Project("{9A19103F-16F7-4668-BE54-9A1E7A4F7556}") = "Hangman", "Hangman\Hangman.csproj", "{B0E4EA10-728C-425F-B1CD-F3E65E3C8CCD}"
EndProject
Project("{9A19103F-16F7-4668-BE54-9A1E7A4F7556}") = "Bandymai", "Bandymai\Bandymai.csproj", "{1EE37D51-3858-4F17-A6B8-C79B51127287}"
EndProject
Project("{9A19103F-16F7-4668-BE54-9A1E7A4F7556}") = "Timer", "Timer\Timer.csproj", "{A974246D-DB66-481B-8007-9E7ECB16DA44}"
EndProject
Project("{FAE04EC0-301F-11D3-BF4B-00C04F79EFBC}") = "Tower of Hanoi", "Tower of Hanoi\Tower of Hanoi.csproj", "{3A0A2D15-860E-4962-8161-D42AC7F6704B}"
EndProject
Global
	GlobalSection(SolutionConfigurationPlatforms) = preSolution
		Debug|Any CPU = Debug|Any CPU
		Release|Any CPU = Release|Any CPU
	EndGlobalSection
	GlobalSection(ProjectConfigurationPlatforms) = postSolution
		{B0E4EA10-728C-425F-B1CD-F3E65E3C8CCD}.Debug|Any CPU.ActiveCfg = Debug|Any CPU
		{B0E4EA10-728C-425F-B1CD-F3E65E3C8CCD}.Debug|Any CPU.Build.0 = Debug|Any CPU
		{B0E4EA10-728C-425F-B1CD-F3E65E3C8CCD}.Release|Any CPU.ActiveCfg = Release|Any CPU
		{B0E4EA10-728C-425F-B1CD-F3E65E3C8CCD}.Release|Any CPU.Build.0 = Release|Any CPU
		{1EE37D51-3858-4F17-A6B8-C79B51127287}.Debug|Any CPU.ActiveCfg = Debug|Any CPU
		{1EE37D51-3858-4F17-A6B8-C79B51127287}.Debug|Any CPU.Build.0 = Debug|Any CPU
		{1EE37D51-3858-4F17-A6B8-C79B51127287}.Release|Any CPU.ActiveCfg = Release|Any CPU
		{1EE37D51-3858-4F17-A6B8-C79B51127287}.Release|Any CPU.Build.0 = Release|Any CPU
		{A974246D-DB66-481B-8007-9E7ECB16DA44}.Debug|Any CPU.ActiveCfg = Debug|Any CPU
		{A974246D-DB66-481B-8007-9E7ECB16DA44}.Debug|Any CPU.Build.0 = Debug|Any CPU
		{A974246D-DB66-481B-8007-9E7ECB16DA44}.Release|Any CPU.ActiveCfg = Release|Any CPU
		{A974246D-DB66-481B-8007-9E7ECB16DA44}.Release|Any CPU.Build.0 = Release|Any CPU
		{3A0A2D15-860E-4962-8161-D42AC7F6704B}.Debug|Any CPU.ActiveCfg = Debug|Any CPU
		{3A0A2D15-860E-4962-8161-D42AC7F6704B}.Debug|Any CPU.Build.0 = Debug|Any CPU
		{3A0A2D15-860E-4962-8161-D42AC7F6704B}.Release|Any CPU.ActiveCfg = Release|Any CPU
		{3A0A2D15-860E-4962-8161-D42AC7F6704B}.Release|Any CPU.Build.0 = Release|Any CPU
	EndGlobalSection
	GlobalSection(SolutionProperties) = preSolution
		HideSolutionNode = FALSE
	EndGlobalSection
	GlobalSection(ExtensibilityGlobals) = postSolution
		SolutionGuid = {BE471AB3-34C3-429E-A9A9-09BC077A931C}
	EndGlobalSection
EndGlobal
